
Microsoft Visual Studio Solution File, Format Version 12.00
# Visual Studio Version 17
VisualStudioVersion = 17.5.33414.496
MinimumVisualStudioVersion = 10.0.40219.1
Project("{FAE04EC0-301F-11D3-BF4B-00C04F79EFBC}") = "Albon.SessionTokenProvider", "Albon.SessionTokenProvider\Albon.SessionTokenProvider.csproj", "{57EA2D81-70AD-4E5E-8F6A-E261C41C3203}"
EndProject
Global
	GlobalSection(SolutionConfigurationPlatforms) = preSolution
		Debug|Any CPU = Debug|Any CPU
		Release|Any CPU = Release|Any CPU
	EndGlobalSection
	GlobalSection(ProjectConfigurationPlatforms) = postSolution
		{57EA2D81-70AD-4E5E-8F6A-E261C41C3203}.Debug|Any CPU.ActiveCfg = Debug|Any CPU
		{57EA2D81-70AD-4E5E-8F6A-E261C41C3203}.Debug|Any CPU.Build.0 = Debug|Any CPU
		{57EA2D81-70AD-4E5E-8F6A-E261C41C3203}.Release|Any CPU.ActiveCfg = Release|Any CPU
		{57EA2D81-70AD-4E5E-8F6A-E261C41C3203}.Release|Any CPU.Build.0 = Release|Any CPU
	EndGlobalSection
	GlobalSection(SolutionProperties) = preSolution
		HideSolutionNode = FALSE
	EndGlobalSection
	GlobalSection(ExtensibilityGlobals) = postSolution
		SolutionGuid = {A34756F3-A1E7-4CDB-B4F3-F0D064DF07A7}
	EndGlobalSection
EndGlobal
